
Microsoft Visual Studio Solution File, Format Version 12.00
# Visual Studio Version 17
VisualStudioVersion = 17.10.34916.146
MinimumVisualStudioVersion = 10.0.40219.1
Project("{FAE04EC0-301F-11D3-BF4B-00C04F79EFBC}") = "Istiaque", "Istiaque\Istiaque.csproj", "{912D429A-25BC-4F7F-9E8D-76BFF1E31C58}"
EndProject
Global
	GlobalSection(SolutionConfigurationPlatforms) = preSolution
		Debug|Any CPU = Debug|Any CPU
		Release|Any CPU = Release|Any CPU
	EndGlobalSection
	GlobalSection(ProjectConfigurationPlatforms) = postSolution
		{912D429A-25BC-4F7F-9E8D-76BFF1E31C58}.Debug|Any CPU.ActiveCfg = Debug|Any CPU
		{912D429A-25BC-4F7F-9E8D-76BFF1E31C58}.Debug|Any CPU.Build.0 = Debug|Any CPU
		{912D429A-25BC-4F7F-9E8D-76BFF1E31C58}.Release|Any CPU.ActiveCfg = Release|Any CPU
		{912D429A-25BC-4F7F-9E8D-76BFF1E31C58}.Release|Any CPU.Build.0 = Release|Any CPU
	EndGlobalSection
	GlobalSection(SolutionProperties) = preSolution
		HideSolutionNode = FALSE
	EndGlobalSection
	GlobalSection(ExtensibilityGlobals) = postSolution
		SolutionGuid = {4AAC98D7-F924-49E5-9D60-25C24A0AED26}
	EndGlobalSection
EndGlobal
